{
  "lockfile-version": 1,
  "manifest": {
    "version": 1,
    "install": {
      "go": {
        "pkg-path": "go",
        "version": "^1.19"
      },
      "html5validator": {
        "pkg-path": "html5validator"
      },
      "hugo": {
        "pkg-path": "hugo"
      }
    },
    "vars": {},
    "hook": {
      "on-activate": "  # Autogenerated by Flox\n\n  # Point GOENV to Flox environment cache\n  export GOENV=\"$FLOX_ENV_CACHE/goenv\"\n\n  # Install Go dependencies\n  go get .\n\n  # End autogenerated by Flox\n"
    },
    "profile": {},
    "options": {
      "systems": [
        "aarch64-darwin",
        "aarch64-linux",
        "x86_64-darwin",
        "x86_64-linux"
      ],
      "allow": {
        "licenses": []
      },
      "semver": {}
    }
  },
  "packages": [
    {
      "attr_path": "go",
      "broken": false,
      "derivation": "/nix/store/bxn1nqm1sg69ix1yxwy0lrsn7dadh73q-go-1.22.3.drv",
      "description": "Go Programming language",
      "install_id": "go",
      "license": "BSD-3-Clause",
      "locked_url": "https://github.com/flox/nixpkgs?rev=9f4128e00b0ae8ec65918efeba59db998750ead6",
      "name": "go-1.22.3",
      "pname": "go",
      "rev": "9f4128e00b0ae8ec65918efeba59db998750ead6",
      "rev_count": 647193,
      "rev_date": "2024-07-03T18:27:49Z",
      "scrape_date": "2024-07-05T00:14:29Z",
      "stabilities": [
        "staging",
        "unstable"
      ],
      "unfree": false,
      "version": "1.22.3",
      "outputs_to_install": [
        "out"
      ],
      "outputs": {
        "out": "/nix/store/m4ip3yyqg4k2pilbyfczgiy8xqvh4554-go-1.22.3"
      },
      "system": "aarch64-darwin",
      "group": "toplevel",
      "priority": 5
    },
    {
      "attr_path": "go",
      "broken": false,
      "derivation": "/nix/store/m9v2vxcyv0b1h1l5s8z2zl7gxvyk95cd-go-1.22.3.drv",
      "description": "Go Programming language",
      "install_id": "go",
      "license": "BSD-3-Clause",
      "locked_url": "https://github.com/flox/nixpkgs?rev=9f4128e00b0ae8ec65918efeba59db998750ead6",
      "name": "go-1.22.3",
      "pname": "go",
      "rev": "9f4128e00b0ae8ec65918efeba59db998750ead6",
      "rev_count": 647193,
      "rev_date": "2024-07-03T18:27:49Z",
      "scrape_date": "2024-07-05T00:14:29Z",
      "stabilities": [
        "staging",
        "unstable"
      ],
      "unfree": false,
      "version": "1.22.3",
      "outputs_to_install": [
        "out"
      ],
      "outputs": {
        "out": "/nix/store/iz2bp36nbgp2l7day14186nmw2v4v0qg-go-1.22.3"
      },
      "system": "aarch64-linux",
      "group": "toplevel",
      "priority": 5
    },
    {
      "attr_path": "go",
      "broken": false,
      "derivation": "/nix/store/wvrdf4iwfidxnc8s7pw8qmprwyri9izd-go-1.22.3.drv",
      "description": "Go Programming language",
      "install_id": "go",
      "license": "BSD-3-Clause",
      "locked_url": "https://github.com/flox/nixpkgs?rev=9f4128e00b0ae8ec65918efeba59db998750ead6",
      "name": "go-1.22.3",
      "pname": "go",
      "rev": "9f4128e00b0ae8ec65918efeba59db998750ead6",
      "rev_count": 647193,
      "rev_date": "2024-07-03T18:27:49Z",
      "scrape_date": "2024-07-05T00:14:29Z",
      "stabilities": [
        "staging",
        "unstable"
      ],
      "unfree": false,
      "version": "1.22.3",
      "outputs_to_install": [
        "out"
      ],
      "outputs": {
        "out": "/nix/store/gl1vr9lznqg5zv2f0bvh0q469k82mjz0-go-1.22.3"
      },
      "system": "x86_64-darwin",
      "group": "toplevel",
      "priority": 5
    },
    {
      "attr_path": "go",
      "broken": false,
      "derivation": "/nix/store/rq66nlahix0fgd7bx3a1ljx8i55rr6vc-go-1.22.3.drv",
      "description": "Go Programming language",
      "install_id": "go",
      "license": "BSD-3-Clause",
      "locked_url": "https://github.com/flox/nixpkgs?rev=9f4128e00b0ae8ec65918efeba59db998750ead6",
      "name": "go-1.22.3",
      "pname": "go",
      "rev": "9f4128e00b0ae8ec65918efeba59db998750ead6",
      "rev_count": 647193,
      "rev_date": "2024-07-03T18:27:49Z",
      "scrape_date": "2024-07-05T00:14:29Z",
      "stabilities": [
        "staging",
        "unstable"
      ],
      "unfree": false,
      "version": "1.22.3",
      "outputs_to_install": [
        "out"
      ],
      "outputs": {
        "out": "/nix/store/vz8d6wmfcf38l3h3vymwqr6c5zxp5jmp-go-1.22.3"
      },
      "system": "x86_64-linux",
      "group": "toplevel",
      "priority": 5
    },
    {
      "attr_path": "html5validator",
      "broken": false,
      "derivation": "/nix/store/dyvcbbf81zn4rj0z2nqsy3rf7k8py154-html5validator-0.4.2.drv",
      "description": "Command line tool that tests files for HTML5 validity",
      "install_id": "html5validator",
      "license": "MIT",
      "locked_url": "https://github.com/flox/nixpkgs?rev=9f4128e00b0ae8ec65918efeba59db998750ead6",
      "name": "html5validator-0.4.2",
      "pname": "html5validator",
      "rev": "9f4128e00b0ae8ec65918efeba59db998750ead6",
      "rev_count": 647193,
      "rev_date": "2024-07-03T18:27:49Z",
      "scrape_date": "2024-07-05T00:14:29Z",
      "stabilities": [
        "staging",
        "unstable"
      ],
      "unfree": false,
      "version": "0.4.2",
      "outputs_to_install": [
        "out"
      ],
      "outputs": {
        "dist": "/nix/store/3g1mc96csjwnqnl5zpm9dl9yrhhlr1lv-html5validator-0.4.2-dist",
        "out": "/nix/store/hyw2r1aajzhs4ym0xid719pw4n3g2pfq-html5validator-0.4.2"
      },
      "system": "aarch64-darwin",
      "group": "toplevel",
      "priority": 5
    },
    {
      "attr_path": "html5validator",
      "broken": false,
      "derivation": "/nix/store/qfydyxq3r3jymvvsbsc6z52cfl7x9l74-html5validator-0.4.2.drv",
      "description": "Command line tool that tests files for HTML5 validity",
      "install_id": "html5validator",
      "license": "MIT",
      "locked_url": "https://github.com/flox/nixpkgs?rev=9f4128e00b0ae8ec65918efeba59db998750ead6",
      "name": "html5validator-0.4.2",
      "pname": "html5validator",
      "rev": "9f4128e00b0ae8ec65918efeba59db998750ead6",
      "rev_count": 647193,
      "rev_date": "2024-07-03T18:27:49Z",
      "scrape_date": "2024-07-05T00:14:29Z",
      "stabilities": [
        "staging",
        "unstable"
      ],
      "unfree": false,
      "version": "0.4.2",
      "outputs_to_install": [
        "out"
      ],
      "outputs": {
        "dist": "/nix/store/jfrnq5n9jr4nxcmi5i2j1nlwn17inyfv-html5validator-0.4.2-dist",
        "out": "/nix/store/dg7ac2l3bxi5p06z4k2clwwp5bx2ixaw-html5validator-0.4.2"
      },
      "system": "aarch64-linux",
      "group": "toplevel",
      "priority": 5
    },
    {
      "attr_path": "html5validator",
      "broken": false,
      "derivation": "/nix/store/rk4yp6svhg08g1vljl5b8h8nrf649y5j-html5validator-0.4.2.drv",
      "description": "Command line tool that tests files for HTML5 validity",
      "install_id": "html5validator",
      "license": "MIT",
      "locked_url": "https://github.com/flox/nixpkgs?rev=9f4128e00b0ae8ec65918efeba59db998750ead6",
      "name": "html5validator-0.4.2",
      "pname": "html5validator",
      "rev": "9f4128e00b0ae8ec65918efeba59db998750ead6",
      "rev_count": 647193,
      "rev_date": "2024-07-03T18:27:49Z",
      "scrape_date": "2024-07-05T00:14:29Z",
      "stabilities": [
        "staging",
        "unstable"
      ],
      "unfree": false,
      "version": "0.4.2",
      "outputs_to_install": [
        "out"
      ],
      "outputs": {
        "dist": "/nix/store/a018xkgml9m0m2cnvk84m27jwfjx7z9r-html5validator-0.4.2-dist",
        "out": "/nix/store/f4v2bljrqmys25h2975cb7qw383p5qaa-html5validator-0.4.2"
      },
      "system": "x86_64-darwin",
      "group": "toplevel",
      "priority": 5
    },
    {
      "attr_path": "html5validator",
      "broken": false,
      "derivation": "/nix/store/hxgghvsjvmrl0dyfxn2m9hs0dj95542i-html5validator-0.4.2.drv",
      "description": "Command line tool that tests files for HTML5 validity",
      "install_id": "html5validator",
      "license": "MIT",
      "locked_url": "https://github.com/flox/nixpkgs?rev=9f4128e00b0ae8ec65918efeba59db998750ead6",
      "name": "html5validator-0.4.2",
      "pname": "html5validator",
      "rev": "9f4128e00b0ae8ec65918efeba59db998750ead6",
      "rev_count": 647193,
      "rev_date": "2024-07-03T18:27:49Z",
      "scrape_date": "2024-07-05T00:14:29Z",
      "stabilities": [
        "staging",
        "unstable"
      ],
      "unfree": false,
      "version": "0.4.2",
      "outputs_to_install": [
        "out"
      ],
      "outputs": {
        "dist": "/nix/store/nzrblmy2nrz4zvwfpnf5vrvnf08yiyvy-html5validator-0.4.2-dist",
        "out": "/nix/store/xnmf1g15nzhqq5274c99m32pcdx8s1sz-html5validator-0.4.2"
      },
      "system": "x86_64-linux",
      "group": "toplevel",
      "priority": 5
    },
    {
      "attr_path": "hugo",
      "broken": false,
      "derivation": "/nix/store/j46f2368z3if9vahf01sipf43hq13hzg-hugo-0.128.1.drv",
      "description": "Fast and modern static website engine",
      "install_id": "hugo",
      "license": "Apache-2.0",
      "locked_url": "https://github.com/flox/nixpkgs?rev=9f4128e00b0ae8ec65918efeba59db998750ead6",
      "name": "hugo-0.128.1",
      "pname": "hugo",
      "rev": "9f4128e00b0ae8ec65918efeba59db998750ead6",
      "rev_count": 647193,
      "rev_date": "2024-07-03T18:27:49Z",
      "scrape_date": "2024-07-05T00:14:29Z",
      "stabilities": [
        "staging",
        "unstable"
      ],
      "unfree": false,
      "version": "0.128.1",
      "outputs_to_install": [
        "out"
      ],
      "outputs": {
        "out": "/nix/store/r84082i6m5hnssbamnfa1lbqz2hjd3df-hugo-0.128.1"
      },
      "system": "aarch64-darwin",
      "group": "toplevel",
      "priority": 5
    },
    {
      "attr_path": "hugo",
      "broken": false,
      "derivation": "/nix/store/300vav9fazw194a601caiidiy1gjfjcv-hugo-0.128.1.drv",
      "description": "Fast and modern static website engine",
      "install_id": "hugo",
      "license": "Apache-2.0",
      "locked_url": "https://github.com/flox/nixpkgs?rev=9f4128e00b0ae8ec65918efeba59db998750ead6",
      "name": "hugo-0.128.1",
      "pname": "hugo",
      "rev": "9f4128e00b0ae8ec65918efeba59db998750ead6",
      "rev_count": 647193,
      "rev_date": "2024-07-03T18:27:49Z",
      "scrape_date": "2024-07-05T00:14:29Z",
      "stabilities": [
        "staging",
        "unstable"
      ],
      "unfree": false,
      "version": "0.128.1",
      "outputs_to_install": [
        "out"
      ],
      "outputs": {
        "out": "/nix/store/cgp0hizn65232gn3lb5rr2klxx769b76-hugo-0.128.1"
      },
      "system": "aarch64-linux",
      "group": "toplevel",
      "priority": 5
    },
    {
      "attr_path": "hugo",
      "broken": false,
      "derivation": "/nix/store/mhpmqgga87vzk7j2zaj1s2rx3nn8rg9g-hugo-0.128.1.drv",
      "description": "Fast and modern static website engine",
      "install_id": "hugo",
      "license": "Apache-2.0",
      "locked_url": "https://github.com/flox/nixpkgs?rev=9f4128e00b0ae8ec65918efeba59db998750ead6",
      "name": "hugo-0.128.1",
      "pname": "hugo",
      "rev": "9f4128e00b0ae8ec65918efeba59db998750ead6",
      "rev_count": 647193,
      "rev_date": "2024-07-03T18:27:49Z",
      "scrape_date": "2024-07-05T00:14:29Z",
      "stabilities": [
        "staging",
        "unstable"
      ],
      "unfree": false,
      "version": "0.128.1",
      "outputs_to_install": [
        "out"
      ],
      "outputs": {
        "out": "/nix/store/qj76k5cp8c2yi7mbqvsrhfd7snda1k74-hugo-0.128.1"
      },
      "system": "x86_64-darwin",
      "group": "toplevel",
      "priority": 5
    },
    {
      "attr_path": "hugo",
      "broken": false,
      "derivation": "/nix/store/bv119k5s31wnimklzfkpjskv3sgvffxk-hugo-0.128.1.drv",
      "description": "Fast and modern static website engine",
      "install_id": "hugo",
      "license": "Apache-2.0",
      "locked_url": "https://github.com/flox/nixpkgs?rev=9f4128e00b0ae8ec65918efeba59db998750ead6",
      "name": "hugo-0.128.1",
      "pname": "hugo",
      "rev": "9f4128e00b0ae8ec65918efeba59db998750ead6",
      "rev_count": 647193,
      "rev_date": "2024-07-03T18:27:49Z",
      "scrape_date": "2024-07-05T00:14:29Z",
      "stabilities": [
        "staging",
        "unstable"
      ],
      "unfree": false,
      "version": "0.128.1",
      "outputs_to_install": [
        "out"
      ],
      "outputs": {
        "out": "/nix/store/pxyf36wk5yrfc19qhmm8zhkzgc0iign1-hugo-0.128.1"
      },
      "system": "x86_64-linux",
      "group": "toplevel",
      "priority": 5
    }
  ]
}